<?xml version="1.0" encoding="utf-8"?>
<Project ToolsVersion="4.0" xmlns="http://schemas.microsoft.com/developer/msbuild/2003">
  <ItemGroup>
    <Filter Include="Cppのファイルたち">
      <UniqueIdentifier>{93995380-89BD-4b04-88EB-625FBE52EBFB}</UniqueIdentifier>
      <Extensions>h;hh;hpp;hxx;h++;hm;inl;inc;ipp;xsd;cpp;c;cc;cxx;c++;cppm;ixx;def;odl;idl;hpj;bat;asm;asmx</Extensions>
    </Filter>
    <Filter Include="リソース ファイル">
      <UniqueIdentifier>{67DA6AB6-F800-4c08-8B7A-83BB121AAD01}</UniqueIdentifier>
      <Extensions>rc;ico;cur;bmp;dlg;rc2;rct;bin;rgs;gif;jpg;jpeg;jpe;resx;tiff;tif;png;wav;mfcribbon-ms</Extensions>
    </Filter>
    <Filter Include="Cppのファイルたち\ベース側">
      <UniqueIdentifier>{d86247fc-87e1-4a52-8257-5c83e9881ff9}</UniqueIdentifier>
    </Filter>
    <Filter Include="Cppのファイルたち\ゲーム側">
      <UniqueIdentifier>{73a74dfb-640d-4cf5-8f37-bbb80179f66b}</UniqueIdentifier>
    </Filter>
    <Filter Include="ImGui">
      <UniqueIdentifier>{1a240972-5c79-4728-91f9-6b0dca3fa023}</UniqueIdentifier>
    </Filter>
  </ItemGroup>
  <ItemGroup>
    <ClCompile Include="GameObject.cpp">
      <Filter>Cppのファイルたち\ベース側</Filter>
    </ClCompile>
    <ClCompile Include="GameObjectWorld.cpp">
      <Filter>Cppのファイルたち\ベース側</Filter>
    </ClCompile>
    <ClCompile Include="Main.cpp">
      <Filter>Cppのファイルたち\ベース側</Filter>
    </ClCompile>
    <ClCompile Include="Player.cpp">
      <Filter>Cppのファイルたち\ゲーム側</Filter>
    </ClCompile>
    <ClCompile Include="Chat.cpp">
      <Filter>Cppのファイルたち\ゲーム側</Filter>
    </ClCompile>
    <ClCompile Include="NetQueue.cpp">
      <Filter>Cppのファイルたち\ゲーム側</Filter>
    </ClCompile>
    <ClCompile Include="..\ImGui\imgui.cpp">
      <Filter>ImGui</Filter>
    </ClCompile>
    <ClCompile Include="..\ImGui\imgui_draw.cpp">
      <Filter>ImGui</Filter>
    </ClCompile>
    <ClCompile Include="..\ImGui\imgui_impl_dx9.cpp">
      <Filter>ImGui</Filter>
    </ClCompile>
    <ClCompile Include="..\ImGui\imgui_impl_dx11.cpp">
      <Filter>ImGui</Filter>
    </ClCompile>
    <ClCompile Include="..\ImGui\imgui_impl_win32.cpp">
      <Filter>ImGui</Filter>
    </ClCompile>
    <ClCompile Include="..\ImGui\imgui_ja_gryph_ranges.cpp">
      <Filter>ImGui</Filter>
    </ClCompile>
    <ClCompile Include="..\ImGui\imgui_tables.cpp">
      <Filter>ImGui</Filter>
    </ClCompile>
    <ClCompile Include="..\ImGui\imgui_widgets.cpp">
      <Filter>ImGui</Filter>
    </ClCompile>
    <ClCompile Include="PlayerCamera.cpp">
      <Filter>Cppのファイルたち\ゲーム側</Filter>
    </ClCompile>
    <ClCompile Include="NetQueueStub.cpp">
      <Filter>Cppのファイルたち</Filter>
    </ClCompile>
    <ClCompile Include="GameTime.cpp">
      <Filter>Cppのファイルたち</Filter>
    </ClCompile>
  </ItemGroup>
  <ItemGroup>
    <ClInclude Include="GameObject.h">
      <Filter>Cppのファイルたち\ベース側</Filter>
    </ClInclude>
    <ClInclude Include="GameObjectWorld.h">
      <Filter>Cppのファイルたち\ベース側</Filter>
    </ClInclude>
    <ClInclude Include="Player.h">
      <Filter>Cppのファイルたち\ゲーム側</Filter>
    </ClInclude>
    <ClInclude Include="PlayerData.h">
      <Filter>Cppのファイルたち\ゲーム側</Filter>
    </ClInclude>
    <ClInclude Include="PlayerState.h">
      <Filter>Cppのファイルたち\ゲーム側</Filter>
    </ClInclude>
    <ClInclude Include="Chat.h">
      <Filter>Cppのファイルたち</Filter>
    </ClInclude>
    <ClInclude Include="NetQueue.h">
      <Filter>Cppのファイルたち</Filter>
    </ClInclude>
    <ClInclude Include="Serializable.h">
      <Filter>Cppのファイルたち</Filter>
    </ClInclude>
    <ClInclude Include="IncludingJson.h">
      <Filter>Cppのファイルたち\ベース側</Filter>
    </ClInclude>
    <ClInclude Include="..\ImGui\imconfig.h">
      <Filter>ImGui</Filter>
    </ClInclude>
    <ClInclude Include="..\ImGui\imgui.h">
      <Filter>ImGui</Filter>
    </ClInclude>
    <ClInclude Include="..\ImGui\imgui_impl_dx9.h">
      <Filter>ImGui</Filter>
    </ClInclude>
    <ClInclude Include="..\ImGui\imgui_impl_dx11.h">
      <Filter>ImGui</Filter>
    </ClInclude>
    <ClInclude Include="..\ImGui\imgui_impl_dxlib.hpp">
      <Filter>ImGui</Filter>
    </ClInclude>
    <ClInclude Include="..\ImGui\imgui_impl_win32.h">
      <Filter>ImGui</Filter>
    </ClInclude>
    <ClInclude Include="..\ImGui\imgui_internal.h">
      <Filter>ImGui</Filter>
    </ClInclude>
    <ClInclude Include="..\ImGui\imstb_rectpack.h">
      <Filter>ImGui</Filter>
    </ClInclude>
    <ClInclude Include="..\ImGui\imstb_textedit.h">
      <Filter>ImGui</Filter>
    </ClInclude>
    <ClInclude Include="..\ImGui\imstb_truetype.h">
      <Filter>ImGui</Filter>
    </ClInclude>
    <ClInclude Include="NetQueueStub.h">
      <Filter>Cppのファイルたち\ゲーム側</Filter>
    </ClInclude>
    <ClInclude Include="GameTime.h">
      <Filter>Cppのファイルたち\ベース側</Filter>
    </ClInclude>
  </ItemGroup>
  <ItemGroup>
    <None Include="packages.config" />
    <ClInclude Include="PlayerCamera.h">
      <Filter>Cppのファイルたち\ゲーム側</Filter>
    </ClInclude>
  </ItemGroup>
</Project>